
Microsoft Visual Studio Solution File, Format Version 12.00
# Visual Studio Version 17
VisualStudioVersion = 17.13.35825.156 d17.13
MinimumVisualStudioVersion = 10.0.40219.1
Project("{FAE04EC0-301F-11D3-BF4B-00C04F79EFBC}") = "MainApp", "modul10_04043\MainApp.csproj", "{75D2D915-C067-4D0E-B1A8-A82CF1A9DF9C}"
EndProject
Project("{FAE04EC0-301F-11D3-BF4B-00C04F79EFBC}") = "MatematikaLibraries", "MatematikaLibraries\MatematikaLibraries.csproj", "{9E9592C8-E02C-4F27-BB0E-7FBD541CC279}"
EndProject
Global
	GlobalSection(SolutionConfigurationPlatforms) = preSolution
		Debug|Any CPU = Debug|Any CPU
		Release|Any CPU = Release|Any CPU
	EndGlobalSection
	GlobalSection(ProjectConfigurationPlatforms) = postSolution
		{75D2D915-C067-4D0E-B1A8-A82CF1A9DF9C}.Debug|Any CPU.ActiveCfg = Debug|Any CPU
		{75D2D915-C067-4D0E-B1A8-A82CF1A9DF9C}.Debug|Any CPU.Build.0 = Debug|Any CPU
		{75D2D915-C067-4D0E-B1A8-A82CF1A9DF9C}.Release|Any CPU.ActiveCfg = Release|Any CPU
		{75D2D915-C067-4D0E-B1A8-A82CF1A9DF9C}.Release|Any CPU.Build.0 = Release|Any CPU
		{9E9592C8-E02C-4F27-BB0E-7FBD541CC279}.Debug|Any CPU.ActiveCfg = Debug|Any CPU
		{9E9592C8-E02C-4F27-BB0E-7FBD541CC279}.Debug|Any CPU.Build.0 = Debug|Any CPU
		{9E9592C8-E02C-4F27-BB0E-7FBD541CC279}.Release|Any CPU.ActiveCfg = Release|Any CPU
		{9E9592C8-E02C-4F27-BB0E-7FBD541CC279}.Release|Any CPU.Build.0 = Release|Any CPU
	EndGlobalSection
	GlobalSection(SolutionProperties) = preSolution
		HideSolutionNode = FALSE
	EndGlobalSection
	GlobalSection(ExtensibilityGlobals) = postSolution
		SolutionGuid = {13B2145B-7CE4-4EA4-8B61-499C8AF01138}
	EndGlobalSection
EndGlobal
