
Microsoft Visual Studio Solution File, Format Version 12.00
# Visual Studio Version 17
VisualStudioVersion = 17.13.35825.156 d17.13
MinimumVisualStudioVersion = 10.0.40219.1
Project("{FAE04EC0-301F-11D3-BF4B-00C04F79EFBC}") = "Modul6_04043", "Modul6_04043\Modul6_04043.csproj", "{A3737B06-C5C9-482D-9D8B-50EED3E93967}"
EndProject
Global
	GlobalSection(SolutionConfigurationPlatforms) = preSolution
		Debug|Any CPU = Debug|Any CPU
		Release|Any CPU = Release|Any CPU
	EndGlobalSection
	GlobalSection(ProjectConfigurationPlatforms) = postSolution
		{A3737B06-C5C9-482D-9D8B-50EED3E93967}.Debug|Any CPU.ActiveCfg = Debug|Any CPU
		{A3737B06-C5C9-482D-9D8B-50EED3E93967}.Debug|Any CPU.Build.0 = Debug|Any CPU
		{A3737B06-C5C9-482D-9D8B-50EED3E93967}.Release|Any CPU.ActiveCfg = Release|Any CPU
		{A3737B06-C5C9-482D-9D8B-50EED3E93967}.Release|Any CPU.Build.0 = Release|Any CPU
	EndGlobalSection
	GlobalSection(SolutionProperties) = preSolution
		HideSolutionNode = FALSE
	EndGlobalSection
	GlobalSection(ExtensibilityGlobals) = postSolution
		SolutionGuid = {0197410F-8E7F-4C78-8980-8DC7AF473635}
	EndGlobalSection
EndGlobal
