
Microsoft Visual Studio Solution File, Format Version 12.00
# Visual Studio Version 17
VisualStudioVersion = 17.13.35825.156 d17.13
MinimumVisualStudioVersion = 10.0.40219.1
Project("{FAE04EC0-301F-11D3-BF4B-00C04F79EFBC}") = "TpModul6", "TpModul6\TpModul6.csproj", "{AF9D6760-E08D-462D-8F48-81C1A9F96433}"
EndProject
Global
	GlobalSection(SolutionConfigurationPlatforms) = preSolution
		Debug|Any CPU = Debug|Any CPU
		Release|Any CPU = Release|Any CPU
	EndGlobalSection
	GlobalSection(ProjectConfigurationPlatforms) = postSolution
		{AF9D6760-E08D-462D-8F48-81C1A9F96433}.Debug|Any CPU.ActiveCfg = Debug|Any CPU
		{AF9D6760-E08D-462D-8F48-81C1A9F96433}.Debug|Any CPU.Build.0 = Debug|Any CPU
		{AF9D6760-E08D-462D-8F48-81C1A9F96433}.Release|Any CPU.ActiveCfg = Release|Any CPU
		{AF9D6760-E08D-462D-8F48-81C1A9F96433}.Release|Any CPU.Build.0 = Release|Any CPU
	EndGlobalSection
	GlobalSection(SolutionProperties) = preSolution
		HideSolutionNode = FALSE
	EndGlobalSection
	GlobalSection(ExtensibilityGlobals) = postSolution
		SolutionGuid = {10E572DA-B914-4A5C-99E4-C505AAC32A1E}
	EndGlobalSection
EndGlobal
