
Microsoft Visual Studio Solution File, Format Version 12.00
# Visual Studio Version 17
VisualStudioVersion = 17.13.35825.156 d17.13
MinimumVisualStudioVersion = 10.0.40219.1
Project("{FAE04EC0-301F-11D3-BF4B-00C04F79EFBC}") = "Modul13_04043", "Modul13_04043\Modul13_04043.csproj", "{DEA4EEB8-E118-4E69-920B-45B78C47093E}"
EndProject
Global
	GlobalSection(SolutionConfigurationPlatforms) = preSolution
		Debug|Any CPU = Debug|Any CPU
		Release|Any CPU = Release|Any CPU
	EndGlobalSection
	GlobalSection(ProjectConfigurationPlatforms) = postSolution
		{DEA4EEB8-E118-4E69-920B-45B78C47093E}.Debug|Any CPU.ActiveCfg = Debug|Any CPU
		{DEA4EEB8-E118-4E69-920B-45B78C47093E}.Debug|Any CPU.Build.0 = Debug|Any CPU
		{DEA4EEB8-E118-4E69-920B-45B78C47093E}.Release|Any CPU.ActiveCfg = Release|Any CPU
		{DEA4EEB8-E118-4E69-920B-45B78C47093E}.Release|Any CPU.Build.0 = Release|Any CPU
	EndGlobalSection
	GlobalSection(SolutionProperties) = preSolution
		HideSolutionNode = FALSE
	EndGlobalSection
	GlobalSection(ExtensibilityGlobals) = postSolution
		SolutionGuid = {90C0C75C-B378-45F2-BDB0-B97F72047186}
	EndGlobalSection
EndGlobal
